PODS:
  - GHKit (0.0.2):
    - GHKit/Core (= 0.0.2)
  - GHKit/Core (0.0.2)
  - NPOKit (0.0.3):
    - NPOKit/Core (= 0.0.3)
  - NPOKit/Core (0.0.3)
  - ObjcExceptionBridging (1.0.1):
    - ObjcExceptionBridging/ObjcExceptionBridging (= 1.0.1)
  - ObjcExceptionBridging/ObjcExceptionBridging (1.0.1)
  - SwiftLint (0.24.2)
  - XCGLogger (6.0.2):
    - XCGLogger/Core (= 6.0.2)
  - XCGLogger/Core (6.0.2):
    - ObjcExceptionBridging

DEPENDENCIES:
  - GHKit (from `https://github.com/4np/GHKit.git`, tag `0.0.2`)
  - NPOKit (from `https://github.com/4np/NPOKit.git`, tag `0.0.3`)
  - SwiftLint
  - XCGLogger

EXTERNAL SOURCES:
  GHKit:
    :git: https://github.com/4np/GHKit.git
    :tag: 0.0.2
  NPOKit:
    :git: https://github.com/4np/NPOKit.git
    :tag: 0.0.3

CHECKOUT OPTIONS:
  GHKit:
    :git: https://github.com/4np/GHKit.git
    :tag: 0.0.2
  NPOKit:
    :git: https://github.com/4np/NPOKit.git
    :tag: 0.0.3

SPEC CHECKSUMS:
  GHKit: 4166b151af73b6cb6e7ead6e6b9507487d5bc35d
  NPOKit: 3199ff66cc3f67d45f6fcb27cfd6922db49d0b52
  ObjcExceptionBridging: c30e00eb3700467e695faeea30e26e18bd445001
  SwiftLint: 2aa21b96c8d13396a051bc1cb659d2ce1e0075b0
  XCGLogger: c9601cae9a8912de34a58666ba931ed3d624dd31

PODFILE CHECKSUM: 2024589ff3bf37f5623b30cb3ee1d8782b5c4bb3

COCOAPODS: 1.4.0
